// !$*UTF8*$!
{
	archiveVersion = 1;
	classes = {
	};
	objectVersion = 48;
	objects = {

/* Begin PBXBuildFile section */
		4DB07D64F1F62A9C6691FFE3 /* Pods_ParseChat.framework in Frameworks */ = {isa = PBXBuildFile; fileRef = 50923EDE18B475CDEE3D0C11 /* Pods_ParseChat.framework */; };
		C623576020264DE800B4446D /* AppDelegate.swift in Sources */ = {isa = PBXBuildFile; fileRef = C623575F20264DE800B4446D /* AppDelegate.swift */; };
		C623576220264DE800B4446D /* LoginViewController.swift in Sources */ = {isa = PBXBuildFile; fileRef = C623576120264DE800B4446D /* LoginViewController.swift */; };
		C623576520264DE800B4446D /* Main.storyboard in Resources */ = {isa = PBXBuildFile; fileRef = C623576320264DE800B4446D /* Main.storyboard */; };
		C623576720264DE800B4446D /* Assets.xcassets in Resources */ = {isa = PBXBuildFile; fileRef = C623576620264DE800B4446D /* Assets.xcassets */; };
		C623576A20264DE800B4446D /* LaunchScreen.storyboard in Resources */ = {isa = PBXBuildFile; fileRef = C623576820264DE800B4446D /* LaunchScreen.storyboard */; };
		C623577520264DE800B4446D /* ParseChatTests.swift in Sources */ = {isa = PBXBuildFile; fileRef = C623577420264DE800B4446D /* ParseChatTests.swift */; };
		C623578020264DE800B4446D /* ParseChatUITests.swift in Sources */ = {isa = PBXBuildFile; fileRef = C623577F20264DE800B4446D /* ParseChatUITests.swift */; };
		C6BC6D3220283915001C239E /* ChatViewController.swift in Sources */ = {isa = PBXBuildFile; fileRef = C6BC6D3120283915001C239E /* ChatViewController.swift */; };
		C6BC6D3420284158001C239E /* ChatCell.swift in Sources */ = {isa = PBXBuildFile; fileRef = C6BC6D3320284158001C239E /* ChatCell.swift */; };
/* End PBXBuildFile section */

/* Begin PBXContainerItemProxy section */
		C623577120264DE800B4446D /* PBXContainerItemProxy */ = {
			isa = PBXContainerItemProxy;
			containerPortal = C623575420264DE800B4446D /* Project object */;
			proxyType = 1;
			remoteGlobalIDString = C623575B20264DE800B4446D;
			remoteInfo = ParseChat;
		};
		C623577C20264DE800B4446D /* PBXContainerItemProxy */ = {
			isa = PBXContainerItemProxy;
			containerPortal = C623575420264DE800B4446D /* Project object */;
			proxyType = 1;
			remoteGlobalIDString = C623575B20264DE800B4446D;
			remoteInfo = ParseChat;
		};
/* End PBXContainerItemProxy section */

/* Begin PBXFileReference section */
		4CAED46508EE67F509C73B94 /* Pods_ParseChatTests.framework */ = {isa = PBXFileReference; explicitFileType = wrapper.framework; includeInIndex = 0; path = Pods_ParseChatTests.framework; sourceTree = BUILT_PRODUCTS_DIR; };
		50923EDE18B475CDEE3D0C11 /* Pods_ParseChat.framework */ = {isa = PBXFileReference; explicitFileType = wrapper.framework; includeInIndex = 0; path = Pods_ParseChat.framework; sourceTree = BUILT_PRODUCTS_DIR; };
		9936412E143637524024F61A /* Pods-ParseChat.release.xcconfig */ = {isa = PBXFileReference; includeInIndex = 1; lastKnownFileType = text.xcconfig; name = "Pods-ParseChat.release.xcconfig"; path = "Pods/Target Support Files/Pods-ParseChat/Pods-ParseChat.release.xcconfig"; sourceTree = "<group>"; };
		BC6E121E0F86ADC6A140F619 /* Pods-ParseChat.debug.xcconfig */ = {isa = PBXFileReference; includeInIndex = 1; lastKnownFileType = text.xcconfig; name = "Pods-ParseChat.debug.xcconfig"; path = "Pods/Target Support Files/Pods-ParseChat/Pods-ParseChat.debug.xcconfig"; sourceTree = "<group>"; };
		C623575C20264DE800B4446D /* ParseChat.app */ = {isa = PBXFileReference; explicitFileType = wrapper.application; includeInIndex = 0; path = ParseChat.app; sourceTree = BUILT_PRODUCTS_DIR; };
		C623575F20264DE800B4446D /* AppDelegate.swift */ = {isa = PBXFileReference; lastKnownFileType = sourcecode.swift; path = AppDelegate.swift; sourceTree = "<group>"; };
		C623576120264DE800B4446D /* LoginViewController.swift */ = {isa = PBXFileReference; lastKnownFileType = sourcecode.swift; path = LoginViewController.swift; sourceTree = "<group>"; };
		C623576420264DE800B4446D /* Base */ = {isa = PBXFileReference; lastKnownFileType = file.storyboard; name = Base; path = Base.lproj/Main.storyboard; sourceTree = "<group>"; };
		C623576620264DE800B4446D /* Assets.xcassets */ = {isa = PBXFileReference; lastKnownFileType = folder.assetcatalog; path = Assets.xcassets; sourceTree = "<group>"; };
		C623576920264DE800B4446D /* Base */ = {isa = PBXFileReference; lastKnownFileType = file.storyboard; name = Base; path = Base.lproj/LaunchScreen.storyboard; sourceTree = "<group>"; };
		C623576B20264DE800B4446D /* Info.plist */ = {isa = PBXFileReference; lastKnownFileType = text.plist.xml; path = Info.plist; sourceTree = "<group>"; };
		C623577020264DE800B4446D /* ParseChatTests.xctest */ = {isa = PBXFileReference; explicitFileType = wrapper.cfbundle; includeInIndex = 0; path = ParseChatTests.xctest; sourceTree = BUILT_PRODUCTS_DIR; };
		C623577420264DE800B4446D /* ParseChatTests.swift */ = {isa = PBXFileReference; lastKnownFileType = sourcecode.swift; path = ParseChatTests.swift; sourceTree = "<group>"; };
		C623577620264DE800B4446D /* Info.plist */ = {isa = PBXFileReference; lastKnownFileType = text.plist.xml; path = Info.plist; sourceTree = "<group>"; };
		C623577B20264DE800B4446D /* ParseChatUITests.xctest */ = {isa = PBXFileReference; explicitFileType = wrapper.cfbundle; includeInIndex = 0; path = ParseChatUITests.xctest; sourceTree = BUILT_PRODUCTS_DIR; };
		C623577F20264DE800B4446D /* ParseChatUITests.swift */ = {isa = PBXFileReference; lastKnownFileType = sourcecode.swift; path = ParseChatUITests.swift; sourceTree = "<group>"; };
		C623578120264DE800B4446D /* Info.plist */ = {isa = PBXFileReference; lastKnownFileType = text.plist.xml; path = Info.plist; sourceTree = "<group>"; };
		C6BC6D3120283915001C239E /* ChatViewController.swift */ = {isa = PBXFileReference; lastKnownFileType = sourcecode.swift; path = ChatViewController.swift; sourceTree = "<group>"; };
		C6BC6D3320284158001C239E /* ChatCell.swift */ = {isa = PBXFileReference; lastKnownFileType = sourcecode.swift; path = ChatCell.swift; sourceTree = "<group>"; };
		EF85DB976DD0D9BF88BEE10C /* Pods_ParseChatUITests.framework */ = {isa = PBXFileReference; explicitFileType = wrapper.framework; includeInIndex = 0; path = Pods_ParseChatUITests.framework; sourceTree = BUILT_PRODUCTS_DIR; };
/* End PBXFileReference section */

/* Begin PBXFrameworksBuildPhase section */
		C623575920264DE800B4446D /* Frameworks */ = {
			isa = PBXFrameworksBuildPhase;
			buildActionMask = 2147483647;
			files = (
				4DB07D64F1F62A9C6691FFE3 /* Pods_ParseChat.framework in Frameworks */,
			);
			runOnlyForDeploymentPostprocessing = 0;
		};
		C623576D20264DE800B4446D /* Frameworks */ = {
			isa = PBXFrameworksBuildPhase;
			buildActionMask = 2147483647;
			files = (
			);
			runOnlyForDeploymentPostprocessing = 0;
		};
		C623577820264DE800B4446D /* Frameworks */ = {
			isa = PBXFrameworksBuildPhase;
			buildActionMask = 2147483647;
			files = (
			);
			runOnlyForDeploymentPostprocessing = 0;
		};
/* End PBXFrameworksBuildPhase section */

/* Begin PBXGroup section */
		5981B41ED75D72CDC434A622 /* Frameworks */ = {
			isa = PBXGroup;
			children = (
				50923EDE18B475CDEE3D0C11 /* Pods_ParseChat.framework */,
				4CAED46508EE67F509C73B94 /* Pods_ParseChatTests.framework */,
				EF85DB976DD0D9BF88BEE10C /* Pods_ParseChatUITests.framework */,
			);
			name = Frameworks;
			sourceTree = "<group>";
		};
		C623575320264DE800B4446D = {
			isa = PBXGroup;
			children = (
				C623575E20264DE800B4446D /* ParseChat */,
				C623577320264DE800B4446D /* ParseChatTests */,
				C623577E20264DE800B4446D /* ParseChatUITests */,
				C623575D20264DE800B4446D /* Products */,
				D8D4187E77781BC1D182F490 /* Pods */,
				5981B41ED75D72CDC434A622 /* Frameworks */,
			);
			sourceTree = "<group>";
		};
		C623575D20264DE800B4446D /* Products */ = {
			isa = PBXGroup;
			children = (
				C623575C20264DE800B4446D /* ParseChat.app */,
				C623577020264DE800B4446D /* ParseChatTests.xctest */,
				C623577B20264DE800B4446D /* ParseChatUITests.xctest */,
			);
			name = Products;
			sourceTree = "<group>";
		};
		C623575E20264DE800B4446D /* ParseChat */ = {
			isa = PBXGroup;
			children = (
				C623575F20264DE800B4446D /* AppDelegate.swift */,
				C623576120264DE800B4446D /* LoginViewController.swift */,
				C623576320264DE800B4446D /* Main.storyboard */,
				C623576620264DE800B4446D /* Assets.xcassets */,
				C623576820264DE800B4446D /* LaunchScreen.storyboard */,
				C623576B20264DE800B4446D /* Info.plist */,
				C6BC6D3120283915001C239E /* ChatViewController.swift */,
				C6BC6D3320284158001C239E /* ChatCell.swift */,
			);
			path = ParseChat;
			sourceTree = "<group>";
		};
		C623577320264DE800B4446D /* ParseChatTests */ = {
			isa = PBXGroup;
			children = (
				C623577420264DE800B4446D /* ParseChatTests.swift */,
				C623577620264DE800B4446D /* Info.plist */,
			);
			path = ParseChatTests;
			sourceTree = "<group>";
		};
		C623577E20264DE800B4446D /* ParseChatUITests */ = {
			isa = PBXGroup;
			children = (
				C623577F20264DE800B4446D /* ParseChatUITests.swift */,
				C623578120264DE800B4446D /* Info.plist */,
			);
			path = ParseChatUITests;
			sourceTree = "<group>";
		};
		D8D4187E77781BC1D182F490 /* Pods */ = {
			isa = PBXGroup;
			children = (
				BC6E121E0F86ADC6A140F619 /* Pods-ParseChat.debug.xcconfig */,
				9936412E143637524024F61A /* Pods-ParseChat.release.xcconfig */,
			);
			name = Pods;
			sourceTree = "<group>";
		};
/* End PBXGroup section */

/* Begin PBXNativeTarget section */
		C623575B20264DE800B4446D /* ParseChat */ = {
			isa = PBXNativeTarget;
			buildConfigurationList = C623578420264DE800B4446D /* Build configuration list for PBXNativeTarget "ParseChat" */;
			buildPhases = (
				9529F1690C7593FA17FF707C /* [CP] Check Pods Manifest.lock */,
				C623575820264DE800B4446D /* Sources */,
				C623575920264DE800B4446D /* Frameworks */,
				C623575A20264DE800B4446D /* Resources */,
				BCACCA411EFD130162C681F8 /* [CP] Embed Pods Frameworks */,
				8FF8891905C61BBE73EF93E2 /* [CP] Copy Pods Resources */,
			);
			buildRules = (
			);
			dependencies = (
			);
			name = ParseChat;
			productName = ParseChat;
			productReference = C623575C20264DE800B4446D /* ParseChat.app */;
			productType = "com.apple.product-type.application";
		};
		C623576F20264DE800B4446D /* ParseChatTests */ = {
			isa = PBXNativeTarget;
			buildConfigurationList = C623578720264DE800B4446D /* Build configuration list for PBXNativeTarget "ParseChatTests" */;
			buildPhases = (
				C623576C20264DE800B4446D /* Sources */,
				C623576D20264DE800B4446D /* Frameworks */,
				C623576E20264DE800B4446D /* Resources */,
			);
			buildRules = (
			);
			dependencies = (
				C623577220264DE800B4446D /* PBXTargetDependency */,
			);
			name = ParseChatTests;
			productName = ParseChatTests;
			productReference = C623577020264DE800B4446D /* ParseChatTests.xctest */;
			productType = "com.apple.product-type.bundle.unit-test";
		};
		C623577A20264DE800B4446D /* ParseChatUITests */ = {
			isa = PBXNativeTarget;
			buildConfigurationList = C623578A20264DE800B4446D /* Build configuration list for PBXNativeTarget "ParseChatUITests" */;
			buildPhases = (
				C623577720264DE800B4446D /* Sources */,
				C623577820264DE800B4446D /* Frameworks */,
				C623577920264DE800B4446D /* Resources */,
			);
			buildRules = (
			);
			dependencies = (
				C623577D20264DE800B4446D /* PBXTargetDependency */,
			);
			name = ParseChatUITests;
			productName = ParseChatUITests;
			productReference = C623577B20264DE800B4446D /* ParseChatUITests.xctest */;
			productType = "com.apple.product-type.bundle.ui-testing";
		};
/* End PBXNativeTarget section */

/* Begin PBXProject section */
		C623575420264DE800B4446D /* Project object */ = {
			isa = PBXProject;
			attributes = {
				LastSwiftUpdateCheck = 0920;
				LastUpgradeCheck = 0920;
				ORGANIZATIONNAME = "Brendan Raftery";
				TargetAttributes = {
					C623575B20264DE800B4446D = {
						CreatedOnToolsVersion = 9.2;
						ProvisioningStyle = Automatic;
					};
					C623576F20264DE800B4446D = {
						CreatedOnToolsVersion = 9.2;
						ProvisioningStyle = Automatic;
						TestTargetID = C623575B20264DE800B4446D;
					};
					C623577A20264DE800B4446D = {
						CreatedOnToolsVersion = 9.2;
						ProvisioningStyle = Automatic;
						TestTargetID = C623575B20264DE800B4446D;
					};
				};
			};
			buildConfigurationList = C623575720264DE800B4446D /* Build configuration list for PBXProject "ParseChat" */;
			compatibilityVersion = "Xcode 8.0";
			developmentRegion = en;
			hasScannedForEncodings = 0;
			knownRegions = (
				en,
				Base,
			);
			mainGroup = C623575320264DE800B4446D;
			productRefGroup = C623575D20264DE800B4446D /* Products */;
			projectDirPath = "";
			projectRoot = "";
			targets = (
				C623575B20264DE800B4446D /* ParseChat */,
				C623576F20264DE800B4446D /* ParseChatTests */,
				C623577A20264DE800B4446D /* ParseChatUITests */,
			);
		};
/* End PBXProject section */

/* Begin PBXResourcesBuildPhase section */
		C623575A20264DE800B4446D /* Resources */ = {
			isa = PBXResourcesBuildPhase;
			buildActionMask = 2147483647;
			files = (
				C623576A20264DE800B4446D /* LaunchScreen.storyboard in Resources */,
				C623576720264DE800B4446D /* Assets.xcassets in Resources */,
				C623576520264DE800B4446D /* Main.storyboard in Resources */,
			);
			runOnlyForDeploymentPostprocessing = 0;
		};
		C623576E20264DE800B4446D /* Resources */ = {
			isa = PBXResourcesBuildPhase;
			buildActionMask = 2147483647;
			files = (
			);
			runOnlyForDeploymentPostprocessing = 0;
		};
		C623577920264DE800B4446D /* Resources */ = {
			isa = PBXResourcesBuildPhase;
			buildActionMask = 2147483647;
			files = (
			);
			runOnlyForDeploymentPostprocessing = 0;
		};
/* End PBXResourcesBuildPhase section */

/* Begin PBXShellScriptBuildPhase section */
		8FF8891905C61BBE73EF93E2 /* [CP] Copy Pods Resources */ = {
			isa = PBXShellScriptBuildPhase;
			buildActionMask = 2147483647;
			files = (
			);
			inputPaths = (
			);
			name = "[CP] Copy Pods Resources";
			outputPaths = (
			);
			runOnlyForDeploymentPostprocessing = 0;
			shellPath = /bin/sh;
			shellScript = "\"${SRCROOT}/Pods/Target Support Files/Pods-ParseChat/Pods-ParseChat-resources.sh\"\n";
			showEnvVarsInLog = 0;
		};
		9529F1690C7593FA17FF707C /* [CP] Check Pods Manifest.lock */ = {
			isa = PBXShellScriptBuildPhase;
			buildActionMask = 2147483647;
			files = (
			);
			inputPaths = (
				"${PODS_PODFILE_DIR_PATH}/Podfile.lock",
				"${PODS_ROOT}/Manifest.lock",
			);
			name = "[CP] Check Pods Manifest.lock";
			outputPaths = (
				"$(DERIVED_FILE_DIR)/Pods-ParseChat-checkManifestLockResult.txt",
			);
			runOnlyForDeploymentPostprocessing = 0;
			shellPath = /bin/sh;
			shellScript = "diff \"${PODS_PODFILE_DIR_PATH}/Podfile.lock\" \"${PODS_ROOT}/Manifest.lock\" > /dev/null\nif [ $? != 0 ] ; then\n    # print error to STDERR\n    echo \"error: The sandbox is not in sync with the Podfile.lock. Run 'pod install' or update your CocoaPods installation.\" >&2\n    exit 1\nfi\n# This output is used by Xcode 'outputs' to avoid re-running this script phase.\necho \"SUCCESS\" > \"${SCRIPT_OUTPUT_FILE_0}\"\n";
			showEnvVarsInLog = 0;
		};
		BCACCA411EFD130162C681F8 /* [CP] Embed Pods Frameworks */ = {
			isa = PBXShellScriptBuildPhase;
			buildActionMask = 2147483647;
			files = (
			);
			inputPaths = (
				"${SRCROOT}/Pods/Target Support Files/Pods-ParseChat/Pods-ParseChat-frameworks.sh",
				"${BUILT_PRODUCTS_DIR}/Alamofire/Alamofire.framework",
				"${BUILT_PRODUCTS_DIR}/AlamofireImage/AlamofireImage.framework",
				"${BUILT_PRODUCTS_DIR}/Bolts/Bolts.framework",
				"${BUILT_PRODUCTS_DIR}/Parse/Parse.framework",
			);
			name = "[CP] Embed Pods Frameworks";
			outputPaths = (
				"${TARGET_BUILD_DIR}/${FRAMEWORKS_FOLDER_PATH}/Alamofire.framework",
				"${TARGET_BUILD_DIR}/${FRAMEWORKS_FOLDER_PATH}/AlamofireImage.framework",
				"${TARGET_BUILD_DIR}/${FRAMEWORKS_FOLDER_PATH}/Bolts.framework",
				"${TARGET_BUILD_DIR}/${FRAMEWORKS_FOLDER_PATH}/Parse.framework",
			);
			runOnlyForDeploymentPostprocessing = 0;
			shellPath = /bin/sh;
			shellScript = "\"${SRCROOT}/Pods/Target Support Files/Pods-ParseChat/Pods-ParseChat-frameworks.sh\"\n";
			showEnvVarsInLog = 0;
		};
/* End PBXShellScriptBuildPhase section */

/* Begin PBXSourcesBuildPhase section */
		C623575820264DE800B4446D /* Sources */ = {
			isa = PBXSourcesBuildPhase;
			buildActionMask = 2147483647;
			files = (
				C623576220264DE800B4446D /* LoginViewController.swift in Sources */,
				C6BC6D3420284158001C239E /* ChatCell.swift in Sources */,
				C6BC6D3220283915001C239E /* ChatViewController.swift in Sources */,
				C623576020264DE800B4446D /* AppDelegate.swift in Sources */,
			);
			runOnlyForDeploymentPostprocessing = 0;
		};
		C623576C20264DE800B4446D /* Sources */ = {
			isa = PBXSourcesBuildPhase;
			buildActionMask = 2147483647;
			files = (
				C623577520264DE800B4446D /* ParseChatTests.swift in Sources */,
			);
			runOnlyForDeploymentPostprocessing = 0;
		};
		C623577720264DE800B4446D /* Sources */ = {
			isa = PBXSourcesBuildPhase;
			buildActionMask = 2147483647;
			files = (
				C623578020264DE800B4446D /* ParseChatUITests.swift in Sources */,
			);
			runOnlyForDeploymentPostprocessing = 0;
		};
/* End PBXSourcesBuildPhase section */

/* Begin PBXTargetDependency section */
		C623577220264DE800B4446D /* PBXTargetDependency */ = {
			isa = PBXTargetDependency;
			target = C623575B20264DE800B4446D /* ParseChat */;
			targetProxy = C623577120264DE800B4446D /* PBXContainerItemProxy */;
		};
		C623577D20264DE800B4446D /* PBXTargetDependency */ = {
			isa = PBXTargetDependency;
			target = C623575B20264DE800B4446D /* ParseChat */;
			targetProxy = C623577C20264DE800B4446D /* PBXContainerItemProxy */;
		};
/* End PBXTargetDependency section */

/* Begin PBXVariantGroup section */
		C623576320264DE800B4446D /* Main.storyboard */ = {
			isa = PBXVariantGroup;
			children = (
				C623576420264DE800B4446D /* Base */,
			);
			name = Main.storyboard;
			sourceTree = "<group>";
		};
		C623576820264DE800B4446D /* LaunchScreen.storyboard */ = {
			isa = PBXVariantGroup;
			children = (
				C623576920264DE800B4446D /* Base */,
			);
			name = LaunchScreen.storyboard;
			sourceTree = "<group>";
		};
/* End PBXVariantGroup section */

/* Begin XCBuildConfiguration section */
		C623578220264DE800B4446D /* Debug */ = {
			isa = XCBuildConfiguration;
			buildSettings = {
				ALWAYS_SEARCH_USER_PATHS = NO;
				CLANG_ANALYZER_NONNULL = YES;
				CLANG_ANALYZER_NUMBER_OBJECT_CONVERSION = YES_AGGRESSIVE;
				CLANG_CXX_LANGUAGE_STANDARD = "gnu++14";
				CLANG_CXX_LIBRARY = "libc++";
				CLANG_ENABLE_MODULES = YES;
				CLANG_ENABLE_OBJC_ARC = YES;
				CLANG_WARN_BLOCK_CAPTURE_AUTORELEASING = YES;
				CLANG_WARN_BOOL_CONVERSION = YES;
				CLANG_WARN_COMMA = YES;
				CLANG_WARN_CONSTANT_CONVERSION = YES;
				CLANG_WARN_DIRECT_OBJC_ISA_USAGE = YES_ERROR;
				CLANG_WARN_DOCUMENTATION_COMMENTS = YES;
				CLANG_WARN_EMPTY_BODY = YES;
				CLANG_WARN_ENUM_CONVERSION = YES;
				CLANG_WARN_INFINITE_RECURSION = YES;
				CLANG_WARN_INT_CONVERSION = YES;
				CLANG_WARN_NON_LITERAL_NULL_CONVERSION = YES;
				CLANG_WARN_OBJC_LITERAL_CONVERSION = YES;
				CLANG_WARN_OBJC_ROOT_CLASS = YES_ERROR;
				CLANG_WARN_RANGE_LOOP_ANALYSIS = YES;
				CLANG_WARN_STRICT_PROTOTYPES = YES;
				CLANG_WARN_SUSPICIOUS_MOVE = YES;
				CLANG_WARN_UNGUARDED_AVAILABILITY = YES_AGGRESSIVE;
				CLANG_WARN_UNREACHABLE_CODE = YES;
				CLANG_WARN__DUPLICATE_METHOD_MATCH = YES;
				CODE_SIGN_IDENTITY = "iPhone Developer";
				COPY_PHASE_STRIP = NO;
				DEBUG_INFORMATION_FORMAT = dwarf;
				ENABLE_STRICT_OBJC_MSGSEND = YES;
				ENABLE_TESTABILITY = YES;
				GCC_C_LANGUAGE_STANDARD = gnu11;
				GCC_DYNAMIC_NO_PIC = NO;
				GCC_NO_COMMON_BLOCKS = YES;
				GCC_OPTIMIZATION_LEVEL = 0;
				GCC_PREPROCESSOR_DEFINITIONS = (
					"DEBUG=1",
					"$(inherited)",
				);
				GCC_WARN_64_TO_32_BIT_CONVERSION = YES;
				GCC_WARN_ABOUT_RETURN_TYPE = YES_ERROR;
				GCC_WARN_UNDECLARED_SELECTOR = YES;
				GCC_WARN_UNINITIALIZED_AUTOS = YES_AGGRESSIVE;
				GCC_WARN_UNUSED_FUNCTION = YES;
				GCC_WARN_UNUSED_VARIABLE = YES;
				HEADER_SEARCH_PATHS = "";
				IPHONEOS_DEPLOYMENT_TARGET = 11.2;
				MTL_ENABLE_DEBUG_INFO = YES;
				ONLY_ACTIVE_ARCH = YES;
				SDKROOT = iphoneos;
				SWIFT_ACTIVE_COMPILATION_CONDITIONS = DEBUG;
				SWIFT_OPTIMIZATION_LEVEL = "-Onone";
			};
			name = Debug;
		};
		C623578320264DE800B4446D /* Release */ = {
			isa = XCBuildConfiguration;
			buildSettings = {
				ALWAYS_SEARCH_USER_PATHS = NO;
				CLANG_ANALYZER_NONNULL = YES;
				CLANG_ANALYZER_NUMBER_OBJECT_CONVERSION = YES_AGGRESSIVE;
				CLANG_CXX_LANGUAGE_STANDARD = "gnu++14";
				CLANG_CXX_LIBRARY = "libc++";
				CLANG_ENABLE_MODULES = YES;
				CLANG_ENABLE_OBJC_ARC = YES;
				CLANG_WARN_BLOCK_CAPTURE_AUTORELEASING = YES;
				CLANG_WARN_BOOL_CONVERSION = YES;
				CLANG_WARN_COMMA = YES;
				CLANG_WARN_CONSTANT_CONVERSION = YES;
				CLANG_WARN_DIRECT_OBJC_ISA_USAGE = YES_ERROR;
				CLANG_WARN_DOCUMENTATION_COMMENTS = YES;
				CLANG_WARN_EMPTY_BODY = YES;
				CLANG_WARN_ENUM_CONVERSION = YES;
				CLANG_WARN_INFINITE_RECURSION = YES;
				CLANG_WARN_INT_CONVERSION = YES;
				CLANG_WARN_NON_LITERAL_NULL_CONVERSION = YES;
				CLANG_WARN_OBJC_LITERAL_CONVERSION = YES;
				CLANG_WARN_OBJC_ROOT_CLASS = YES_ERROR;
				CLANG_WARN_RANGE_LOOP_ANALYSIS = YES;
				CLANG_WARN_STRICT_PROTOTYPES = YES;
				CLANG_WARN_SUSPICIOUS_MOVE = YES;
				CLANG_WARN_UNGUARDED_AVAILABILITY = YES_AGGRESSIVE;
				CLANG_WARN_UNREACHABLE_CODE = YES;
				CLANG_WARN__DUPLICATE_METHOD_MATCH = YES;
				CODE_SIGN_IDENTITY = "iPhone Developer";
				COPY_PHASE_STRIP = NO;
				DEBUG_INFORMATION_FORMAT = "dwarf-with-dsym";
				ENABLE_NS_ASSERTIONS = NO;
				ENABLE_STRICT_OBJC_MSGSEND = YES;
				GCC_C_LANGUAGE_STANDARD = gnu11;
				GCC_NO_COMMON_BLOCKS = YES;
				GCC_WARN_64_TO_32_BIT_CONVERSION = YES;
				GCC_WARN_ABOUT_RETURN_TYPE = YES_ERROR;
				GCC_WARN_UNDECLARED_SELECTOR = YES;
				GCC_WARN_UNINITIALIZED_AUTOS = YES_AGGRESSIVE;
				GCC_WARN_UNUSED_FUNCTION = YES;
				GCC_WARN_UNUSED_VARIABLE = YES;
				HEADER_SEARCH_PATHS = "";
				IPHONEOS_DEPLOYMENT_TARGET = 11.2;
				MTL_ENABLE_DEBUG_INFO = NO;
				SDKROOT = iphoneos;
				SWIFT_OPTIMIZATION_LEVEL = "-Owholemodule";
				VALIDATE_PRODUCT = YES;
			};
			name = Release;
		};
		C623578520264DE800B4446D /* Debug */ = {
			isa = XCBuildConfiguration;
			baseConfigurationReference = BC6E121E0F86ADC6A140F619 /* Pods-ParseChat.debug.xcconfig */;
			buildSettings = {
				ASSETCATALOG_COMPILER_APPICON_NAME = AppIcon;
				CODE_SIGN_STYLE = Automatic;
				INFOPLIST_FILE = ParseChat/Info.plist;
				LD_RUNPATH_SEARCH_PATHS = "$(inherited) @executable_path/Frameworks";
				PRODUCT_BUNDLE_IDENTIFIER = doctorb77.ParseChat;
				PRODUCT_NAME = "$(TARGET_NAME)";
				SWIFT_VERSION = 4.0;
				TARGETED_DEVICE_FAMILY = "1,2";
			};
			name = Debug;
		};
		C623578620264DE800B4446D /* Release */ = {
			isa = XCBuildConfiguration;
			baseConfigurationReference = 9936412E143637524024F61A /* Pods-ParseChat.release.xcconfig */;
			buildSettings = {
				ASSETCATALOG_COMPILER_APPICON_NAME = AppIcon;
				CODE_SIGN_STYLE = Automatic;
				INFOPLIST_FILE = ParseChat/Info.plist;
				LD_RUNPATH_SEARCH_PATHS = "$(inherited) @executable_path/Frameworks";
				PRODUCT_BUNDLE_IDENTIFIER = doctorb77.ParseChat;
				PRODUCT_NAME = "$(TARGET_NAME)";
				SWIFT_VERSION = 4.0;
				TARGETED_DEVICE_FAMILY = "1,2";
			};
			name = Release;
		};
		C623578820264DE800B4446D /* Debug */ = {
			isa = XCBuildConfiguration;
			buildSettings = {
				ALWAYS_EMBED_SWIFT_STANDARD_LIBRARIES = YES;
				BUNDLE_LOADER = "$(TEST_HOST)";
				CODE_SIGN_STYLE = Automatic;
				INFOPLIST_FILE = ParseChatTests/Info.plist;
				LD_RUNPATH_SEARCH_PATHS = "$(inherited) @executable_path/Frameworks @loader_path/Frameworks";
				PRODUCT_BUNDLE_IDENTIFIER = doctorb77.ParseChatTests;
				PRODUCT_NAME = "$(TARGET_NAME)";
				SWIFT_VERSION = 4.0;
				TARGETED_DEVICE_FAMILY = "1,2";
				TEST_HOST = "$(BUILT_PRODUCTS_DIR)/ParseChat.app/ParseChat";
			};
			name = Debug;
		};
		C623578920264DE800B4446D /* Release */ = {
			isa = XCBuildConfiguration;
			buildSettings = {
				ALWAYS_EMBED_SWIFT_STANDARD_LIBRARIES = YES;
				BUNDLE_LOADER = "$(TEST_HOST)";
				CODE_SIGN_STYLE = Automatic;
				INFOPLIST_FILE = ParseChatTests/Info.plist;
				LD_RUNPATH_SEARCH_PATHS = "$(inherited) @executable_path/Frameworks @loader_path/Frameworks";
				PRODUCT_BUNDLE_IDENTIFIER = doctorb77.ParseChatTests;
				PRODUCT_NAME = "$(TARGET_NAME)";
				SWIFT_VERSION = 4.0;
				TARGETED_DEVICE_FAMILY = "1,2";
				TEST_HOST = "$(BUILT_PRODUCTS_DIR)/ParseChat.app/ParseChat";
			};
			name = Release;
		};
		C623578B20264DE800B4446D /* Debug */ = {
			isa = XCBuildConfiguration;
			buildSettings = {
				ALWAYS_EMBED_SWIFT_STANDARD_LIBRARIES = YES;
				CODE_SIGN_STYLE = Automatic;
				INFOPLIST_FILE = ParseChatUITests/Info.plist;
				LD_RUNPATH_SEARCH_PATHS = "$(inherited) @executable_path/Frameworks @loader_path/Frameworks";
				PRODUCT_BUNDLE_IDENTIFIER = doctorb77.ParseChatUITests;
				PRODUCT_NAME = "$(TARGET_NAME)";
				SWIFT_VERSION = 4.0;
				TARGETED_DEVICE_FAMILY = "1,2";
				TEST_TARGET_NAME = ParseChat;
			};
			name = Debug;
		};
		C623578C20264DE800B4446D /* Release */ = {
			isa = XCBuildConfiguration;
			buildSettings = {
				ALWAYS_EMBED_SWIFT_STANDARD_LIBRARIES = YES;
				CODE_SIGN_STYLE = Automatic;
				INFOPLIST_FILE = ParseChatUITests/Info.plist;
				LD_RUNPATH_SEARCH_PATHS = "$(inherited) @executable_path/Frameworks @loader_path/Frameworks";
				PRODUCT_BUNDLE_IDENTIFIER = doctorb77.ParseChatUITests;
				PRODUCT_NAME = "$(TARGET_NAME)";
				SWIFT_VERSION = 4.0;
				TARGETED_DEVICE_FAMILY = "1,2";
				TEST_TARGET_NAME = ParseChat;
			};
			name = Release;
		};
/* End XCBuildConfiguration section */

/* Begin XCConfigurationList section */
		C623575720264DE800B4446D /* Build configuration list for PBXProject "ParseChat" */ = {
			isa = XCConfigurationList;
			buildConfigurations = (
				C623578220264DE800B4446D /* Debug */,
				C623578320264DE800B4446D /* Release */,
			);
			defaultConfigurationIsVisible = 0;
			defaultConfigurationName = Release;
		};
		C623578420264DE800B4446D /* Build configuration list for PBXNativeTarget "ParseChat" */ = {
			isa = XCConfigurationList;
			buildConfigurations = (
				C623578520264DE800B4446D /* Debug */,
				C623578620264DE800B4446D /* Release */,
			);
			defaultConfigurationIsVisible = 0;
			defaultConfigurationName = Release;
		};
		C623578720264DE800B4446D /* Build configuration list for PBXNativeTarget "ParseChatTests" */ = {
			isa = XCConfigurationList;
			buildConfigurations = (
				C623578820264DE800B4446D /* Debug */,
				C623578920264DE800B4446D /* Release */,
			);
			defaultConfigurationIsVisible = 0;
			defaultConfigurationName = Release;
		};
		C623578A20264DE800B4446D /* Build configuration list for PBXNativeTarget "ParseChatUITests" */ = {
			isa = XCConfigurationList;
			buildConfigurations = (
				C623578B20264DE800B4446D /* Debug */,
				C623578C20264DE800B4446D /* Release */,
			);
			defaultConfigurationIsVisible = 0;
			defaultConfigurationName = Release;
		};
/* End XCConfigurationList section */
	};
	rootObject = C623575420264DE800B4446D /* Project object */;
}
